
Microsoft Visual Studio Solution File, Format Version 12.00
Project("{FAE04EC0-301F-11D3-BF4B-00C04F79EFBC}") = "AsperandLabs.UnitStrap.Core", "AsperandLabs.UnitStrap.Core\AsperandLabs.UnitStrap.Core.csproj", "{44B8A5FC-32D2-40E6-B18A-BCFB68ED7CDC}"
EndProject
Project("{FAE04EC0-301F-11D3-BF4B-00C04F79EFBC}") = "AsperandLabs.UnitStrap.Extensions", "AsperandLabs.UnitStrap.Extensions\AsperandLabs.UnitStrap.Extensions.csproj", "{372C3E8C-5A0A-4890-A4E1-4EDD0D2F7136}"
EndProject
Global
	GlobalSection(SolutionConfigurationPlatforms) = preSolution
		Debug|Any CPU = Debug|Any CPU
		Release|Any CPU = Release|Any CPU
	EndGlobalSection
	GlobalSection(ProjectConfigurationPlatforms) = postSolution
		{44B8A5FC-32D2-40E6-B18A-BCFB68ED7CDC}.Debug|Any CPU.ActiveCfg = Debug|Any CPU
		{44B8A5FC-32D2-40E6-B18A-BCFB68ED7CDC}.Debug|Any CPU.Build.0 = Debug|Any CPU
		{44B8A5FC-32D2-40E6-B18A-BCFB68ED7CDC}.Release|Any CPU.ActiveCfg = Release|Any CPU
		{44B8A5FC-32D2-40E6-B18A-BCFB68ED7CDC}.Release|Any CPU.Build.0 = Release|Any CPU
		{372C3E8C-5A0A-4890-A4E1-4EDD0D2F7136}.Debug|Any CPU.ActiveCfg = Debug|Any CPU
		{372C3E8C-5A0A-4890-A4E1-4EDD0D2F7136}.Debug|Any CPU.Build.0 = Debug|Any CPU
		{372C3E8C-5A0A-4890-A4E1-4EDD0D2F7136}.Release|Any CPU.ActiveCfg = Release|Any CPU
		{372C3E8C-5A0A-4890-A4E1-4EDD0D2F7136}.Release|Any CPU.Build.0 = Release|Any CPU
	EndGlobalSection
EndGlobal
