
Microsoft Visual Studio Solution File, Format Version 12.00
# Visual Studio Version 16
VisualStudioVersion = 16.0.29613.14
MinimumVisualStudioVersion = 10.0.40219.1
Project("{9A19103F-16F7-4668-BE54-9A1E7A4F7556}") = "AsperandLabs.UnitStrap.Core", "AsperandLabs.UnitStrap.Core\AsperandLabs.UnitStrap.Core.csproj", "{44B8A5FC-32D2-40E6-B18A-BCFB68ED7CDC}"
EndProject
Project("{9A19103F-16F7-4668-BE54-9A1E7A4F7556}") = "AsperandLabs.UnitStrap.Extensions", "AsperandLabs.UnitStrap.Extensions\AsperandLabs.UnitStrap.Extensions.csproj", "{372C3E8C-5A0A-4890-A4E1-4EDD0D2F7136}"
EndProject
Project("{9A19103F-16F7-4668-BE54-9A1E7A4F7556}") = "Tests", "Tests\Tests.csproj", "{2674633A-ECCF-46FB-970E-6ACECCBB2A94}"
EndProject
Project("{FAE04EC0-301F-11D3-BF4B-00C04F79EFBC}") = "DependencyReviewer", "DependencyReviewer\DependencyReviewer.csproj", "{3D02E89C-52E7-406A-8285-AE958E320029}"
EndProject
Global
	GlobalSection(SolutionConfigurationPlatforms) = preSolution
		Debug|Any CPU = Debug|Any CPU
		Release|Any CPU = Release|Any CPU
	EndGlobalSection
	GlobalSection(ProjectConfigurationPlatforms) = postSolution
		{44B8A5FC-32D2-40E6-B18A-BCFB68ED7CDC}.Debug|Any CPU.ActiveCfg = Debug|Any CPU
		{44B8A5FC-32D2-40E6-B18A-BCFB68ED7CDC}.Debug|Any CPU.Build.0 = Debug|Any CPU
		{44B8A5FC-32D2-40E6-B18A-BCFB68ED7CDC}.Release|Any CPU.ActiveCfg = Release|Any CPU
		{44B8A5FC-32D2-40E6-B18A-BCFB68ED7CDC}.Release|Any CPU.Build.0 = Release|Any CPU
		{372C3E8C-5A0A-4890-A4E1-4EDD0D2F7136}.Debug|Any CPU.ActiveCfg = Debug|Any CPU
		{372C3E8C-5A0A-4890-A4E1-4EDD0D2F7136}.Debug|Any CPU.Build.0 = Debug|Any CPU
		{372C3E8C-5A0A-4890-A4E1-4EDD0D2F7136}.Release|Any CPU.ActiveCfg = Release|Any CPU
		{372C3E8C-5A0A-4890-A4E1-4EDD0D2F7136}.Release|Any CPU.Build.0 = Release|Any CPU
		{2674633A-ECCF-46FB-970E-6ACECCBB2A94}.Debug|Any CPU.ActiveCfg = Debug|Any CPU
		{2674633A-ECCF-46FB-970E-6ACECCBB2A94}.Debug|Any CPU.Build.0 = Debug|Any CPU
		{2674633A-ECCF-46FB-970E-6ACECCBB2A94}.Release|Any CPU.ActiveCfg = Release|Any CPU
		{2674633A-ECCF-46FB-970E-6ACECCBB2A94}.Release|Any CPU.Build.0 = Release|Any CPU
		{3D02E89C-52E7-406A-8285-AE958E320029}.Debug|Any CPU.ActiveCfg = Debug|Any CPU
		{3D02E89C-52E7-406A-8285-AE958E320029}.Debug|Any CPU.Build.0 = Debug|Any CPU
		{3D02E89C-52E7-406A-8285-AE958E320029}.Release|Any CPU.ActiveCfg = Release|Any CPU
		{3D02E89C-52E7-406A-8285-AE958E320029}.Release|Any CPU.Build.0 = Release|Any CPU
	EndGlobalSection
	GlobalSection(SolutionProperties) = preSolution
		HideSolutionNode = FALSE
	EndGlobalSection
	GlobalSection(ExtensibilityGlobals) = postSolution
		SolutionGuid = {2E9502D2-451C-46C2-93DD-055F79ACE1B2}
	EndGlobalSection
EndGlobal
